
Microsoft Visual Studio Solution File, Format Version 12.00
# Visual Studio Version 17
VisualStudioVersion = 17.14.36221.1 d17.14
MinimumVisualStudioVersion = 10.0.40219.1
Project("{FAE04EC0-301F-11D3-BF4B-00C04F79EFBC}") = "Proj1 client side Code", "Proj1 client side Code.csproj", "{C66A82F2-0CDB-4B64-9034-2378704C1891}"
EndProject
Global
	GlobalSection(SolutionConfigurationPlatforms) = preSolution
		Debug|Any CPU = Debug|Any CPU
		Release|Any CPU = Release|Any CPU
	EndGlobalSection
	GlobalSection(ProjectConfigurationPlatforms) = postSolution
		{C66A82F2-0CDB-4B64-9034-2378704C1891}.Debug|Any CPU.ActiveCfg = Debug|Any CPU
		{C66A82F2-0CDB-4B64-9034-2378704C1891}.Debug|Any CPU.Build.0 = Debug|Any CPU
		{C66A82F2-0CDB-4B64-9034-2378704C1891}.Release|Any CPU.ActiveCfg = Release|Any CPU
		{C66A82F2-0CDB-4B64-9034-2378704C1891}.Release|Any CPU.Build.0 = Release|Any CPU
	EndGlobalSection
	GlobalSection(SolutionProperties) = preSolution
		HideSolutionNode = FALSE
	EndGlobalSection
	GlobalSection(ExtensibilityGlobals) = postSolution
		SolutionGuid = {6D0DA8FC-D121-471A-BE5B-5C914DF41E05}
	EndGlobalSection
EndGlobal
