
Microsoft Visual Studio Solution File, Format Version 12.00
# Visual Studio Version 17
VisualStudioVersion = 17.14.36221.1 d17.14
MinimumVisualStudioVersion = 10.0.40219.1
Project("{FAE04EC0-301F-11D3-BF4B-00C04F79EFBC}") = "StudentApiClient", "StudentApiClient.csproj", "{10B3DD71-4255-4C58-9E87-E804C81905C1}"
EndProject
Global
	GlobalSection(SolutionConfigurationPlatforms) = preSolution
		Debug|Any CPU = Debug|Any CPU
		Release|Any CPU = Release|Any CPU
	EndGlobalSection
	GlobalSection(ProjectConfigurationPlatforms) = postSolution
		{10B3DD71-4255-4C58-9E87-E804C81905C1}.Debug|Any CPU.ActiveCfg = Debug|Any CPU
		{10B3DD71-4255-4C58-9E87-E804C81905C1}.Debug|Any CPU.Build.0 = Debug|Any CPU
		{10B3DD71-4255-4C58-9E87-E804C81905C1}.Release|Any CPU.ActiveCfg = Release|Any CPU
		{10B3DD71-4255-4C58-9E87-E804C81905C1}.Release|Any CPU.Build.0 = Release|Any CPU
	EndGlobalSection
	GlobalSection(SolutionProperties) = preSolution
		HideSolutionNode = FALSE
	EndGlobalSection
	GlobalSection(ExtensibilityGlobals) = postSolution
		SolutionGuid = {883FF5BD-B9AB-409E-B107-2A3A0E9E670C}
	EndGlobalSection
EndGlobal
