
Microsoft Visual Studio Solution File, Format Version 12.00
# Visual Studio Version 17
VisualStudioVersion = 17.13.35931.197 d17.13
MinimumVisualStudioVersion = 10.0.40219.1
Project("{FAE04EC0-301F-11D3-BF4B-00C04F79EFBC}") = "Example 3 Battery Info", "Example 3 Battery Info\Example 3 Battery Info.csproj", "{D4A13CE0-A1B3-4497-BB0B-B5B6BA7D1D4A}"
EndProject
Global
	GlobalSection(SolutionConfigurationPlatforms) = preSolution
		Debug|Any CPU = Debug|Any CPU
		Release|Any CPU = Release|Any CPU
	EndGlobalSection
	GlobalSection(ProjectConfigurationPlatforms) = postSolution
		{D4A13CE0-A1B3-4497-BB0B-B5B6BA7D1D4A}.Debug|Any CPU.ActiveCfg = Debug|Any CPU
		{D4A13CE0-A1B3-4497-BB0B-B5B6BA7D1D4A}.Debug|Any CPU.Build.0 = Debug|Any CPU
		{D4A13CE0-A1B3-4497-BB0B-B5B6BA7D1D4A}.Release|Any CPU.ActiveCfg = Release|Any CPU
		{D4A13CE0-A1B3-4497-BB0B-B5B6BA7D1D4A}.Release|Any CPU.Build.0 = Release|Any CPU
	EndGlobalSection
	GlobalSection(SolutionProperties) = preSolution
		HideSolutionNode = FALSE
	EndGlobalSection
	GlobalSection(ExtensibilityGlobals) = postSolution
		SolutionGuid = {3B3DBA48-B8A3-4391-AFA0-0F80541C333A}
	EndGlobalSection
EndGlobal
